// !$*UTF8*$!
{
	archiveVersion = 1;
	classes = {
	};
	objectVersion = 50;
	objects = {

/* Begin PBXBuildFile section */
		A63647A022C8648C00DAB053 /* DataModel.xcdatamodeld in Sources */ = {isa = PBXBuildFile; fileRef = A636479E22C8648C00DAB053 /* DataModel.xcdatamodeld */; };
		A65EA7EE22C8A11C00EF2121 /* CategoryTableViewController.swift in Sources */ = {isa = PBXBuildFile; fileRef = A65EA7ED22C8A11C00EF2121 /* CategoryTableViewController.swift */; };
		A66FFE7422C72943007B20F2 /* AppDelegate.swift in Sources */ = {isa = PBXBuildFile; fileRef = A66FFE7322C72943007B20F2 /* AppDelegate.swift */; };
		A66FFE7622C72943007B20F2 /* ToDoListViewController.swift in Sources */ = {isa = PBXBuildFile; fileRef = A66FFE7522C72943007B20F2 /* ToDoListViewController.swift */; };
		A66FFE7922C72943007B20F2 /* Main.storyboard in Resources */ = {isa = PBXBuildFile; fileRef = A66FFE7722C72943007B20F2 /* Main.storyboard */; };
		A66FFE7B22C72944007B20F2 /* Assets.xcassets in Resources */ = {isa = PBXBuildFile; fileRef = A66FFE7A22C72944007B20F2 /* Assets.xcassets */; };
		A66FFE7E22C72944007B20F2 /* LaunchScreen.storyboard in Resources */ = {isa = PBXBuildFile; fileRef = A66FFE7C22C72944007B20F2 /* LaunchScreen.storyboard */; };
		C3631C8A7F185F9228D2D40E /* Pods_Todoey.framework in Frameworks */ = {isa = PBXBuildFile; fileRef = B638F368C82CDFA6AB1E0EA8 /* Pods_Todoey.framework */; };
/* End PBXBuildFile section */

/* Begin PBXFileReference section */
		061C6AD5BE58A99145EC18FD /* Pods-Todoey.release.xcconfig */ = {isa = PBXFileReference; includeInIndex = 1; lastKnownFileType = text.xcconfig; name = "Pods-Todoey.release.xcconfig"; path = "Target Support Files/Pods-Todoey/Pods-Todoey.release.xcconfig"; sourceTree = "<group>"; };
		7C534A7F6C8C28201738AFCD /* Pods-Todoey.debug.xcconfig */ = {isa = PBXFileReference; includeInIndex = 1; lastKnownFileType = text.xcconfig; name = "Pods-Todoey.debug.xcconfig"; path = "Target Support Files/Pods-Todoey/Pods-Todoey.debug.xcconfig"; sourceTree = "<group>"; };
		A636479F22C8648C00DAB053 /* DataModel.xcdatamodel */ = {isa = PBXFileReference; lastKnownFileType = wrapper.xcdatamodel; path = DataModel.xcdatamodel; sourceTree = "<group>"; };
		A65EA7ED22C8A11C00EF2121 /* CategoryTableViewController.swift */ = {isa = PBXFileReference; lastKnownFileType = sourcecode.swift; path = CategoryTableViewController.swift; sourceTree = "<group>"; };
		A66FFE7022C72943007B20F2 /* Todoey.app */ = {isa = PBXFileReference; explicitFileType = wrapper.application; includeInIndex = 0; path = Todoey.app; sourceTree = BUILT_PRODUCTS_DIR; };
		A66FFE7322C72943007B20F2 /* AppDelegate.swift */ = {isa = PBXFileReference; lastKnownFileType = sourcecode.swift; path = AppDelegate.swift; sourceTree = "<group>"; };
		A66FFE7522C72943007B20F2 /* ToDoListViewController.swift */ = {isa = PBXFileReference; lastKnownFileType = sourcecode.swift; path = ToDoListViewController.swift; sourceTree = "<group>"; };
		A66FFE7822C72943007B20F2 /* Base */ = {isa = PBXFileReference; lastKnownFileType = file.storyboard; name = Base; path = Base.lproj/Main.storyboard; sourceTree = "<group>"; };
		A66FFE7A22C72944007B20F2 /* Assets.xcassets */ = {isa = PBXFileReference; lastKnownFileType = folder.assetcatalog; path = Assets.xcassets; sourceTree = "<group>"; };
		A66FFE7D22C72944007B20F2 /* Base */ = {isa = PBXFileReference; lastKnownFileType = file.storyboard; name = Base; path = Base.lproj/LaunchScreen.storyboard; sourceTree = "<group>"; };
		A66FFE7F22C72944007B20F2 /* Info.plist */ = {isa = PBXFileReference; lastKnownFileType = text.plist.xml; path = Info.plist; sourceTree = "<group>"; };
		B638F368C82CDFA6AB1E0EA8 /* Pods_Todoey.framework */ = {isa = PBXFileReference; explicitFileType = wrapper.framework; includeInIndex = 0; path = Pods_Todoey.framework; sourceTree = BUILT_PRODUCTS_DIR; };
/* End PBXFileReference section */

/* Begin PBXFrameworksBuildPhase section */
		A66FFE6D22C72943007B20F2 /* Frameworks */ = {
			isa = PBXFrameworksBuildPhase;
			buildActionMask = 2147483647;
			files = (
				C3631C8A7F185F9228D2D40E /* Pods_Todoey.framework in Frameworks */,
			);
			runOnlyForDeploymentPostprocessing = 0;
		};
/* End PBXFrameworksBuildPhase section */

/* Begin PBXGroup section */
		A66FFE6722C72943007B20F2 = {
			isa = PBXGroup;
			children = (
				A66FFE7222C72943007B20F2 /* Todoey */,
				A66FFE7122C72943007B20F2 /* Products */,
				EDB6D16DD260C85872ACF3C0 /* Pods */,
				C36A22A2C0132EF8117F65AC /* Frameworks */,
			);
			sourceTree = "<group>";
		};
		A66FFE7122C72943007B20F2 /* Products */ = {
			isa = PBXGroup;
			children = (
				A66FFE7022C72943007B20F2 /* Todoey.app */,
			);
			name = Products;
			sourceTree = "<group>";
		};
		A66FFE7222C72943007B20F2 /* Todoey */ = {
			isa = PBXGroup;
			children = (
				A687DB6522C76E0200582A89 /* View */,
				A687DB6422C76DF000582A89 /* Controller */,
				A687DB6122C76D2700582A89 /* Model */,
				A687DB6622C76E2500582A89 /* Supporting Files */,
				A66FFE7F22C72944007B20F2 /* Info.plist */,
			);
			path = Todoey;
			sourceTree = "<group>";
		};
		A687DB6122C76D2700582A89 /* Model */ = {
			isa = PBXGroup;
			children = (
				A636479E22C8648C00DAB053 /* DataModel.xcdatamodeld */,
			);
			path = Model;
			sourceTree = "<group>";
		};
		A687DB6422C76DF000582A89 /* Controller */ = {
			isa = PBXGroup;
			children = (
				A65EA7ED22C8A11C00EF2121 /* CategoryTableViewController.swift */,
				A66FFE7322C72943007B20F2 /* AppDelegate.swift */,
				A66FFE7522C72943007B20F2 /* ToDoListViewController.swift */,
			);
			path = Controller;
			sourceTree = "<group>";
		};
		A687DB6522C76E0200582A89 /* View */ = {
			isa = PBXGroup;
			children = (
				A66FFE7722C72943007B20F2 /* Main.storyboard */,
			);
			path = View;
			sourceTree = "<group>";
		};
		A687DB6622C76E2500582A89 /* Supporting Files */ = {
			isa = PBXGroup;
			children = (
				A66FFE7A22C72944007B20F2 /* Assets.xcassets */,
				A66FFE7C22C72944007B20F2 /* LaunchScreen.storyboard */,
			);
			path = "Supporting Files";
			sourceTree = "<group>";
		};
		C36A22A2C0132EF8117F65AC /* Frameworks */ = {
			isa = PBXGroup;
			children = (
				B638F368C82CDFA6AB1E0EA8 /* Pods_Todoey.framework */,
			);
			name = Frameworks;
			sourceTree = "<group>";
		};
		EDB6D16DD260C85872ACF3C0 /* Pods */ = {
			isa = PBXGroup;
			children = (
				7C534A7F6C8C28201738AFCD /* Pods-Todoey.debug.xcconfig */,
				061C6AD5BE58A99145EC18FD /* Pods-Todoey.release.xcconfig */,
			);
			name = Pods;
			path = Pods;
			sourceTree = "<group>";
		};
/* End PBXGroup section */

/* Begin PBXNativeTarget section */
		A66FFE6F22C72943007B20F2 /* Todoey */ = {
			isa = PBXNativeTarget;
			buildConfigurationList = A66FFE8222C72944007B20F2 /* Build configuration list for PBXNativeTarget "Todoey" */;
			buildPhases = (
				8E17EBCDD5A3A670BCEBE1A8 /* [CP] Check Pods Manifest.lock */,
				A66FFE6C22C72943007B20F2 /* Sources */,
				A66FFE6D22C72943007B20F2 /* Frameworks */,
				A66FFE6E22C72943007B20F2 /* Resources */,
				82AA5901731E898D82A62123 /* [CP] Embed Pods Frameworks */,
			);
			buildRules = (
			);
			dependencies = (
			);
			name = Todoey;
			productName = Todoey;
			productReference = A66FFE7022C72943007B20F2 /* Todoey.app */;
			productType = "com.apple.product-type.application";
		};
/* End PBXNativeTarget section */

/* Begin PBXProject section */
		A66FFE6822C72943007B20F2 /* Project object */ = {
			isa = PBXProject;
			attributes = {
				LastSwiftUpdateCheck = 1020;
				LastUpgradeCheck = 1020;
				ORGANIZATIONNAME = "Yuchi Lee";
				TargetAttributes = {
					A66FFE6F22C72943007B20F2 = {
						CreatedOnToolsVersion = 10.2.1;
					};
				};
			};
			buildConfigurationList = A66FFE6B22C72943007B20F2 /* Build configuration list for PBXProject "Todoey" */;
			compatibilityVersion = "Xcode 9.3";
			developmentRegion = en;
			hasScannedForEncodings = 0;
			knownRegions = (
				en,
				Base,
			);
			mainGroup = A66FFE6722C72943007B20F2;
			productRefGroup = A66FFE7122C72943007B20F2 /* Products */;
			projectDirPath = "";
			projectRoot = "";
			targets = (
				A66FFE6F22C72943007B20F2 /* Todoey */,
			);
		};
/* End PBXProject section */

/* Begin PBXResourcesBuildPhase section */
		A66FFE6E22C72943007B20F2 /* Resources */ = {
			isa = PBXResourcesBuildPhase;
			buildActionMask = 2147483647;
			files = (
				A66FFE7E22C72944007B20F2 /* LaunchScreen.storyboard in Resources */,
				A66FFE7B22C72944007B20F2 /* Assets.xcassets in Resources */,
				A66FFE7922C72943007B20F2 /* Main.storyboard in Resources */,
			);
			runOnlyForDeploymentPostprocessing = 0;
		};
/* End PBXResourcesBuildPhase section */

/* Begin PBXShellScriptBuildPhase section */
		82AA5901731E898D82A62123 /* [CP] Embed Pods Frameworks */ = {
			isa = PBXShellScriptBuildPhase;
			buildActionMask = 2147483647;
			files = (
			);
			inputFileListPaths = (
				"${PODS_ROOT}/Target Support Files/Pods-Todoey/Pods-Todoey-frameworks-${CONFIGURATION}-input-files.xcfilelist",
			);
			name = "[CP] Embed Pods Frameworks";
			outputFileListPaths = (
				"${PODS_ROOT}/Target Support Files/Pods-Todoey/Pods-Todoey-frameworks-${CONFIGURATION}-output-files.xcfilelist",
			);
			runOnlyForDeploymentPostprocessing = 0;
			shellPath = /bin/sh;
			shellScript = "\"${PODS_ROOT}/Target Support Files/Pods-Todoey/Pods-Todoey-frameworks.sh\"\n";
			showEnvVarsInLog = 0;
		};
		8E17EBCDD5A3A670BCEBE1A8 /* [CP] Check Pods Manifest.lock */ = {
			isa = PBXShellScriptBuildPhase;
			buildActionMask = 2147483647;
			files = (
			);
			inputFileListPaths = (
			);
			inputPaths = (
				"${PODS_PODFILE_DIR_PATH}/Podfile.lock",
				"${PODS_ROOT}/Manifest.lock",
			);
			name = "[CP] Check Pods Manifest.lock";
			outputFileListPaths = (
			);
			outputPaths = (
				"$(DERIVED_FILE_DIR)/Pods-Todoey-checkManifestLockResult.txt",
			);
			runOnlyForDeploymentPostprocessing = 0;
			shellPath = /bin/sh;
			shellScript = "diff \"${PODS_PODFILE_DIR_PATH}/Podfile.lock\" \"${PODS_ROOT}/Manifest.lock\" > /dev/null\nif [ $? != 0 ] ; then\n    # print error to STDERR\n    echo \"error: The sandbox is not in sync with the Podfile.lock. Run 'pod install' or update your CocoaPods installation.\" >&2\n    exit 1\nfi\n# This output is used by Xcode 'outputs' to avoid re-running this script phase.\necho \"SUCCESS\" > \"${SCRIPT_OUTPUT_FILE_0}\"\n";
			showEnvVarsInLog = 0;
		};
/* End PBXShellScriptBuildPhase section */

/* Begin PBXSourcesBuildPhase section */
		A66FFE6C22C72943007B20F2 /* Sources */ = {
			isa = PBXSourcesBuildPhase;
			buildActionMask = 2147483647;
			files = (
				A66FFE7622C72943007B20F2 /* ToDoListViewController.swift in Sources */,
				A63647A022C8648C00DAB053 /* DataModel.xcdatamodeld in Sources */,
				A66FFE7422C72943007B20F2 /* AppDelegate.swift in Sources */,
				A65EA7EE22C8A11C00EF2121 /* CategoryTableViewController.swift in Sources */,
			);
			runOnlyForDeploymentPostprocessing = 0;
		};
/* End PBXSourcesBuildPhase section */

/* Begin PBXVariantGroup section */
		A66FFE7722C72943007B20F2 /* Main.storyboard */ = {
			isa = PBXVariantGroup;
			children = (
				A66FFE7822C72943007B20F2 /* Base */,
			);
			name = Main.storyboard;
			sourceTree = "<group>";
		};
		A66FFE7C22C72944007B20F2 /* LaunchScreen.storyboard */ = {
			isa = PBXVariantGroup;
			children = (
				A66FFE7D22C72944007B20F2 /* Base */,
			);
			name = LaunchScreen.storyboard;
			sourceTree = "<group>";
		};
/* End PBXVariantGroup section */

/* Begin XCBuildConfiguration section */
		A66FFE8022C72944007B20F2 /* Debug */ = {
			isa = XCBuildConfiguration;
			buildSettings = {
				ALWAYS_SEARCH_USER_PATHS = NO;
				CLANG_ANALYZER_NONNULL = YES;
				CLANG_ANALYZER_NUMBER_OBJECT_CONVERSION = YES_AGGRESSIVE;
				CLANG_CXX_LANGUAGE_STANDARD = "gnu++14";
				CLANG_CXX_LIBRARY = "libc++";
				CLANG_ENABLE_MODULES = YES;
				CLANG_ENABLE_OBJC_ARC = YES;
				CLANG_ENABLE_OBJC_WEAK = YES;
				CLANG_WARN_BLOCK_CAPTURE_AUTORELEASING = YES;
				CLANG_WARN_BOOL_CONVERSION = YES;
				CLANG_WARN_COMMA = YES;
				CLANG_WARN_CONSTANT_CONVERSION = YES;
				CLANG_WARN_DEPRECATED_OBJC_IMPLEMENTATIONS = YES;
				CLANG_WARN_DIRECT_OBJC_ISA_USAGE = YES_ERROR;
				CLANG_WARN_DOCUMENTATION_COMMENTS = YES;
				CLANG_WARN_EMPTY_BODY = YES;
				CLANG_WARN_ENUM_CONVERSION = YES;
				CLANG_WARN_INFINITE_RECURSION = YES;
				CLANG_WARN_INT_CONVERSION = YES;
				CLANG_WARN_NON_LITERAL_NULL_CONVERSION = YES;
				CLANG_WARN_OBJC_IMPLICIT_RETAIN_SELF = YES;
				CLANG_WARN_OBJC_LITERAL_CONVERSION = YES;
				CLANG_WARN_OBJC_ROOT_CLASS = YES_ERROR;
				CLANG_WARN_RANGE_LOOP_ANALYSIS = YES;
				CLANG_WARN_STRICT_PROTOTYPES = YES;
				CLANG_WARN_SUSPICIOUS_MOVE = YES;
				CLANG_WARN_UNGUARDED_AVAILABILITY = YES_AGGRESSIVE;
				CLANG_WARN_UNREACHABLE_CODE = YES;
				CLANG_WARN__DUPLICATE_METHOD_MATCH = YES;
				CODE_SIGN_IDENTITY = "iPhone Developer";
				COPY_PHASE_STRIP = NO;
				DEBUG_INFORMATION_FORMAT = dwarf;
				ENABLE_STRICT_OBJC_MSGSEND = YES;
				ENABLE_TESTABILITY = YES;
				GCC_C_LANGUAGE_STANDARD = gnu11;
				GCC_DYNAMIC_NO_PIC = NO;
				GCC_NO_COMMON_BLOCKS = YES;
				GCC_OPTIMIZATION_LEVEL = 0;
				GCC_PREPROCESSOR_DEFINITIONS = (
					"DEBUG=1",
					"$(inherited)",
				);
				GCC_WARN_64_TO_32_BIT_CONVERSION = YES;
				GCC_WARN_ABOUT_RETURN_TYPE = YES_ERROR;
				GCC_WARN_UNDECLARED_SELECTOR = YES;
				GCC_WARN_UNINITIALIZED_AUTOS = YES_AGGRESSIVE;
				GCC_WARN_UNUSED_FUNCTION = YES;
				GCC_WARN_UNUSED_VARIABLE = YES;
				IPHONEOS_DEPLOYMENT_TARGET = 12.2;
				MTL_ENABLE_DEBUG_INFO = INCLUDE_SOURCE;
				MTL_FAST_MATH = YES;
				ONLY_ACTIVE_ARCH = YES;
				SDKROOT = iphoneos;
				SWIFT_ACTIVE_COMPILATION_CONDITIONS = DEBUG;
				SWIFT_OPTIMIZATION_LEVEL = "-Onone";
			};
			name = Debug;
		};
		A66FFE8122C72944007B20F2 /* Release */ = {
			isa = XCBuildConfiguration;
			buildSettings = {
				ALWAYS_SEARCH_USER_PATHS = NO;
				CLANG_ANALYZER_NONNULL = YES;
				CLANG_ANALYZER_NUMBER_OBJECT_CONVERSION = YES_AGGRESSIVE;
				CLANG_CXX_LANGUAGE_STANDARD = "gnu++14";
				CLANG_CXX_LIBRARY = "libc++";
				CLANG_ENABLE_MODULES = YES;
				CLANG_ENABLE_OBJC_ARC = YES;
				CLANG_ENABLE_OBJC_WEAK = YES;
				CLANG_WARN_BLOCK_CAPTURE_AUTORELEASING = YES;
				CLANG_WARN_BOOL_CONVERSION = YES;
				CLANG_WARN_COMMA = YES;
				CLANG_WARN_CONSTANT_CONVERSION = YES;
				CLANG_WARN_DEPRECATED_OBJC_IMPLEMENTATIONS = YES;
				CLANG_WARN_DIRECT_OBJC_ISA_USAGE = YES_ERROR;
				CLANG_WARN_DOCUMENTATION_COMMENTS = YES;
				CLANG_WARN_EMPTY_BODY = YES;
				CLANG_WARN_ENUM_CONVERSION = YES;
				CLANG_WARN_INFINITE_RECURSION = YES;
				CLANG_WARN_INT_CONVERSION = YES;
				CLANG_WARN_NON_LITERAL_NULL_CONVERSION = YES;
				CLANG_WARN_OBJC_IMPLICIT_RETAIN_SELF = YES;
				CLANG_WARN_OBJC_LITERAL_CONVERSION = YES;
				CLANG_WARN_OBJC_ROOT_CLASS = YES_ERROR;
				CLANG_WARN_RANGE_LOOP_ANALYSIS = YES;
				CLANG_WARN_STRICT_PROTOTYPES = YES;
				CLANG_WARN_SUSPICIOUS_MOVE = YES;
				CLANG_WARN_UNGUARDED_AVAILABILITY = YES_AGGRESSIVE;
				CLANG_WARN_UNREACHABLE_CODE = YES;
				CLANG_WARN__DUPLICATE_METHOD_MATCH = YES;
				CODE_SIGN_IDENTITY = "iPhone Developer";
				COPY_PHASE_STRIP = NO;
				DEBUG_INFORMATION_FORMAT = "dwarf-with-dsym";
				ENABLE_NS_ASSERTIONS = NO;
				ENABLE_STRICT_OBJC_MSGSEND = YES;
				GCC_C_LANGUAGE_STANDARD = gnu11;
				GCC_NO_COMMON_BLOCKS = YES;
				GCC_WARN_64_TO_32_BIT_CONVERSION = YES;
				GCC_WARN_ABOUT_RETURN_TYPE = YES_ERROR;
				GCC_WARN_UNDECLARED_SELECTOR = YES;
				GCC_WARN_UNINITIALIZED_AUTOS = YES_AGGRESSIVE;
				GCC_WARN_UNUSED_FUNCTION = YES;
				GCC_WARN_UNUSED_VARIABLE = YES;
				IPHONEOS_DEPLOYMENT_TARGET = 12.2;
				MTL_ENABLE_DEBUG_INFO = NO;
				MTL_FAST_MATH = YES;
				SDKROOT = iphoneos;
				SWIFT_COMPILATION_MODE = wholemodule;
				SWIFT_OPTIMIZATION_LEVEL = "-O";
				VALIDATE_PRODUCT = YES;
			};
			name = Release;
		};
		A66FFE8322C72944007B20F2 /* Debug */ = {
			isa = XCBuildConfiguration;
			baseConfigurationReference = 7C534A7F6C8C28201738AFCD /* Pods-Todoey.debug.xcconfig */;
			buildSettings = {
				ASSETCATALOG_COMPILER_APPICON_NAME = AppIcon;
				CODE_SIGN_STYLE = Automatic;
				DEVELOPMENT_TEAM = 9Z43R5KWCV;
				INFOPLIST_FILE = Todoey/Info.plist;
				LD_RUNPATH_SEARCH_PATHS = (
					"$(inherited)",
					"@executable_path/Frameworks",
				);
				PRODUCT_BUNDLE_IDENTIFIER = com.yuchilee.Todoey;
				PRODUCT_NAME = "$(TARGET_NAME)";
				SWIFT_VERSION = 5.0;
				TARGETED_DEVICE_FAMILY = "1,2";
			};
			name = Debug;
		};
		A66FFE8422C72944007B20F2 /* Release */ = {
			isa = XCBuildConfiguration;
			baseConfigurationReference = 061C6AD5BE58A99145EC18FD /* Pods-Todoey.release.xcconfig */;
			buildSettings = {
				ASSETCATALOG_COMPILER_APPICON_NAME = AppIcon;
				CODE_SIGN_STYLE = Automatic;
				DEVELOPMENT_TEAM = 9Z43R5KWCV;
				INFOPLIST_FILE = Todoey/Info.plist;
				LD_RUNPATH_SEARCH_PATHS = (
					"$(inherited)",
					"@executable_path/Frameworks",
				);
				PRODUCT_BUNDLE_IDENTIFIER = com.yuchilee.Todoey;
				PRODUCT_NAME = "$(TARGET_NAME)";
				SWIFT_VERSION = 5.0;
				TARGETED_DEVICE_FAMILY = "1,2";
			};
			name = Release;
		};
/* End XCBuildConfiguration section */

/* Begin XCConfigurationList section */
		A66FFE6B22C72943007B20F2 /* Build configuration list for PBXProject "Todoey" */ = {
			isa = XCConfigurationList;
			buildConfigurations = (
				A66FFE8022C72944007B20F2 /* Debug */,
				A66FFE8122C72944007B20F2 /* Release */,
			);
			defaultConfigurationIsVisible = 0;
			defaultConfigurationName = Release;
		};
		A66FFE8222C72944007B20F2 /* Build configuration list for PBXNativeTarget "Todoey" */ = {
			isa = XCConfigurationList;
			buildConfigurations = (
				A66FFE8322C72944007B20F2 /* Debug */,
				A66FFE8422C72944007B20F2 /* Release */,
			);
			defaultConfigurationIsVisible = 0;
			defaultConfigurationName = Release;
		};
/* End XCConfigurationList section */

/* Begin XCVersionGroup section */
		A636479E22C8648C00DAB053 /* DataModel.xcdatamodeld */ = {
			isa = XCVersionGroup;
			children = (
				A636479F22C8648C00DAB053 /* DataModel.xcdatamodel */,
			);
			currentVersion = A636479F22C8648C00DAB053 /* DataModel.xcdatamodel */;
			path = DataModel.xcdatamodeld;
			sourceTree = "<group>";
			versionGroupType = wrapper.xcdatamodel;
		};
/* End XCVersionGroup section */
	};
	rootObject = A66FFE6822C72943007B20F2 /* Project object */;
}
